
Microsoft Visual Studio Solution File, Format Version 12.00
# Visual Studio Version 16
VisualStudioVersion = 16.0.29411.108
MinimumVisualStudioVersion = 10.0.40219.1
Project("{8BC9CEB8-8B4A-11D0-8D11-00A0C91BC942}") = "aerohockey", "aerohockey\aerohockey.vcxproj", "{0B5F5F40-11DA-4FE6-93DA-AA78C484E3AF}"
EndProject
Project("{8BC9CEB8-8B4A-11D0-8D11-00A0C91BC942}") = "aerohockey-test", "aerohockey-test\aerohockey-test.vcxproj", "{060400AC-ED04-4E16-8CE9-6E8CECA3D874}"
EndProject
Global
	GlobalSection(SolutionConfigurationPlatforms) = preSolution
		Debug|x64 = Debug|x64
		Debug|x86 = Debug|x86
		Release|x64 = Release|x64
		Release|x86 = Release|x86
	EndGlobalSection
	GlobalSection(ProjectConfigurationPlatforms) = postSolution
		{0B5F5F40-11DA-4FE6-93DA-AA78C484E3AF}.Debug|x64.ActiveCfg = Debug|x64
		{0B5F5F40-11DA-4FE6-93DA-AA78C484E3AF}.Debug|x64.Build.0 = Debug|x64
		{0B5F5F40-11DA-4FE6-93DA-AA78C484E3AF}.Debug|x86.ActiveCfg = Debug|Win32
		{0B5F5F40-11DA-4FE6-93DA-AA78C484E3AF}.Debug|x86.Build.0 = Debug|Win32
		{0B5F5F40-11DA-4FE6-93DA-AA78C484E3AF}.Release|x64.ActiveCfg = Release|x64
		{0B5F5F40-11DA-4FE6-93DA-AA78C484E3AF}.Release|x64.Build.0 = Release|x64
		{0B5F5F40-11DA-4FE6-93DA-AA78C484E3AF}.Release|x86.ActiveCfg = Release|Win32
		{0B5F5F40-11DA-4FE6-93DA-AA78C484E3AF}.Release|x86.Build.0 = Release|Win32
		{060400AC-ED04-4E16-8CE9-6E8CECA3D874}.Debug|x64.ActiveCfg = Debug|x64
		{060400AC-ED04-4E16-8CE9-6E8CECA3D874}.Debug|x64.Build.0 = Debug|x64
		{060400AC-ED04-4E16-8CE9-6E8CECA3D874}.Debug|x86.ActiveCfg = Debug|Win32
		{060400AC-ED04-4E16-8CE9-6E8CECA3D874}.Debug|x86.Build.0 = Debug|Win32
		{060400AC-ED04-4E16-8CE9-6E8CECA3D874}.Release|x64.ActiveCfg = Release|x64
		{060400AC-ED04-4E16-8CE9-6E8CECA3D874}.Release|x64.Build.0 = Release|x64
		{060400AC-ED04-4E16-8CE9-6E8CECA3D874}.Release|x86.ActiveCfg = Release|Win32
		{060400AC-ED04-4E16-8CE9-6E8CECA3D874}.Release|x86.Build.0 = Release|Win32
	EndGlobalSection
	GlobalSection(SolutionProperties) = preSolution
		HideSolutionNode = FALSE
	EndGlobalSection
	GlobalSection(ExtensibilityGlobals) = postSolution
		SolutionGuid = {3CF595B5-9780-4B4A-9B26-A108FCB0B6B4}
	EndGlobalSection
EndGlobal
